// !$*UTF8*$!
{
	archiveVersion = 1;
	classes = {
	};
	objectVersion = 77;
	objects = {

/* Begin PBXBuildFile section */
		69667DBD2DCBE5100006B987 /* FirebaseCore in Frameworks */ = {isa = PBXBuildFile; productRef = 69667DBC2DCBE5100006B987 /* FirebaseCore */; };
		69667DBF2DCBE5100006B987 /* FirebaseFirestore in Frameworks */ = {isa = PBXBuildFile; productRef = 69667DBE2DCBE5100006B987 /* FirebaseFirestore */; };
		69B8009E2DDCF2EA00F9D782 /* FirebaseAuth in Frameworks */ = {isa = PBXBuildFile; productRef = 69B8009D2DDCF2EA00F9D782 /* FirebaseAuth */; };
		69E921BE2DCEC98E009A8EAC /* GooglePlaces in Frameworks */ = {isa = PBXBuildFile; productRef = 69E921BD2DCEC98E009A8EAC /* GooglePlaces */; };
		69E921C02DCEC98E009A8EAC /* GooglePlacesSwift in Frameworks */ = {isa = PBXBuildFile; productRef = 69E921BF2DCEC98E009A8EAC /* GooglePlacesSwift */; };
/* End PBXBuildFile section */

/* Begin PBXContainerItemProxy section */
		697D72932DC9D2DD00BF5E29 /* PBXContainerItemProxy */ = {
			isa = PBXContainerItemProxy;
			containerPortal = 697D727D2DC9D2DB00BF5E29 /* Project object */;
			proxyType = 1;
			remoteGlobalIDString = 697D72842DC9D2DB00BF5E29;
			remoteInfo = Boost;
		};
		697D729D2DC9D2DD00BF5E29 /* PBXContainerItemProxy */ = {
			isa = PBXContainerItemProxy;
			containerPortal = 697D727D2DC9D2DB00BF5E29 /* Project object */;
			proxyType = 1;
			remoteGlobalIDString = 697D72842DC9D2DB00BF5E29;
			remoteInfo = Boost;
		};
/* End PBXContainerItemProxy section */

/* Begin PBXFileReference section */
		697D72852DC9D2DB00BF5E29 /* Boost.app */ = {isa = PBXFileReference; explicitFileType = wrapper.application; includeInIndex = 0; path = Boost.app; sourceTree = BUILT_PRODUCTS_DIR; };
		697D72922DC9D2DD00BF5E29 /* BoostTests.xctest */ = {isa = PBXFileReference; explicitFileType = wrapper.cfbundle; includeInIndex = 0; path = BoostTests.xctest; sourceTree = BUILT_PRODUCTS_DIR; };
		697D729C2DC9D2DD00BF5E29 /* BoostUITests.xctest */ = {isa = PBXFileReference; explicitFileType = wrapper.cfbundle; includeInIndex = 0; path = BoostUITests.xctest; sourceTree = BUILT_PRODUCTS_DIR; };
/* End PBXFileReference section */

/* Begin PBXFileSystemSynchronizedRootGroup section */
		697D72872DC9D2DB00BF5E29 /* Boost */ = {
			isa = PBXFileSystemSynchronizedRootGroup;
			path = Boost;
			sourceTree = "<group>";
		};
		697D72952DC9D2DD00BF5E29 /* BoostTests */ = {
			isa = PBXFileSystemSynchronizedRootGroup;
			path = BoostTests;
			sourceTree = "<group>";
		};
		697D729F2DC9D2DD00BF5E29 /* BoostUITests */ = {
			isa = PBXFileSystemSynchronizedRootGroup;
			path = BoostUITests;
			sourceTree = "<group>";
		};
/* End PBXFileSystemSynchronizedRootGroup section */

/* Begin PBXFrameworksBuildPhase section */
		697D72822DC9D2DB00BF5E29 /* Frameworks */ = {
			isa = PBXFrameworksBuildPhase;
			buildActionMask = 2147483647;
			files = (
				69E921BE2DCEC98E009A8EAC /* GooglePlaces in Frameworks */,
				69B8009E2DDCF2EA00F9D782 /* FirebaseAuth in Frameworks */,
				69667DBD2DCBE5100006B987 /* FirebaseCore in Frameworks */,
				69667DBF2DCBE5100006B987 /* FirebaseFirestore in Frameworks */,
				69E921C02DCEC98E009A8EAC /* GooglePlacesSwift in Frameworks */,
			);
			runOnlyForDeploymentPostprocessing = 0;
		};
		697D728F2DC9D2DD00BF5E29 /* Frameworks */ = {
			isa = PBXFrameworksBuildPhase;
			buildActionMask = 2147483647;
			files = (
			);
			runOnlyForDeploymentPostprocessing = 0;
		};
		697D72992DC9D2DD00BF5E29 /* Frameworks */ = {
			isa = PBXFrameworksBuildPhase;
			buildActionMask = 2147483647;
			files = (
			);
			runOnlyForDeploymentPostprocessing = 0;
		};
/* End PBXFrameworksBuildPhase section */

/* Begin PBXGroup section */
		697D727C2DC9D2DB00BF5E29 = {
			isa = PBXGroup;
			children = (
				697D72872DC9D2DB00BF5E29 /* Boost */,
				697D72952DC9D2DD00BF5E29 /* BoostTests */,
				697D729F2DC9D2DD00BF5E29 /* BoostUITests */,
				697D72862DC9D2DB00BF5E29 /* Products */,
			);
			sourceTree = "<group>";
		};
		697D72862DC9D2DB00BF5E29 /* Products */ = {
			isa = PBXGroup;
			children = (
				697D72852DC9D2DB00BF5E29 /* Boost.app */,
				697D72922DC9D2DD00BF5E29 /* BoostTests.xctest */,
				697D729C2DC9D2DD00BF5E29 /* BoostUITests.xctest */,
			);
			name = Products;
			sourceTree = "<group>";
		};
/* End PBXGroup section */

/* Begin PBXNativeTarget section */
		697D72842DC9D2DB00BF5E29 /* Boost */ = {
			isa = PBXNativeTarget;
			buildConfigurationList = 697D72A62DC9D2DD00BF5E29 /* Build configuration list for PBXNativeTarget "Boost" */;
			buildPhases = (
				697D72812DC9D2DB00BF5E29 /* Sources */,
				697D72822DC9D2DB00BF5E29 /* Frameworks */,
				697D72832DC9D2DB00BF5E29 /* Resources */,
			);
			buildRules = (
			);
			dependencies = (
			);
			fileSystemSynchronizedGroups = (
				697D72872DC9D2DB00BF5E29 /* Boost */,
			);
			name = Boost;
			packageProductDependencies = (
				69667DBC2DCBE5100006B987 /* FirebaseCore */,
				69667DBE2DCBE5100006B987 /* FirebaseFirestore */,
				69E921BD2DCEC98E009A8EAC /* GooglePlaces */,
				69E921BF2DCEC98E009A8EAC /* GooglePlacesSwift */,
				69B8009D2DDCF2EA00F9D782 /* FirebaseAuth */,
			);
			productName = Boost;
			productReference = 697D72852DC9D2DB00BF5E29 /* Boost.app */;
			productType = "com.apple.product-type.application";
		};
		697D72912DC9D2DD00BF5E29 /* BoostTests */ = {
			isa = PBXNativeTarget;
			buildConfigurationList = 697D72A92DC9D2DD00BF5E29 /* Build configuration list for PBXNativeTarget "BoostTests" */;
			buildPhases = (
				697D728E2DC9D2DD00BF5E29 /* Sources */,
				697D728F2DC9D2DD00BF5E29 /* Frameworks */,
				697D72902DC9D2DD00BF5E29 /* Resources */,
			);
			buildRules = (
			);
			dependencies = (
				697D72942DC9D2DD00BF5E29 /* PBXTargetDependency */,
			);
			fileSystemSynchronizedGroups = (
				697D72952DC9D2DD00BF5E29 /* BoostTests */,
			);
			name = BoostTests;
			packageProductDependencies = (
			);
			productName = BoostTests;
			productReference = 697D72922DC9D2DD00BF5E29 /* BoostTests.xctest */;
			productType = "com.apple.product-type.bundle.unit-test";
		};
		697D729B2DC9D2DD00BF5E29 /* BoostUITests */ = {
			isa = PBXNativeTarget;
			buildConfigurationList = 697D72AC2DC9D2DD00BF5E29 /* Build configuration list for PBXNativeTarget "BoostUITests" */;
			buildPhases = (
				697D72982DC9D2DD00BF5E29 /* Sources */,
				697D72992DC9D2DD00BF5E29 /* Frameworks */,
				697D729A2DC9D2DD00BF5E29 /* Resources */,
			);
			buildRules = (
			);
			dependencies = (
				697D729E2DC9D2DD00BF5E29 /* PBXTargetDependency */,
			);
			fileSystemSynchronizedGroups = (
				697D729F2DC9D2DD00BF5E29 /* BoostUITests */,
			);
			name = BoostUITests;
			packageProductDependencies = (
			);
			productName = BoostUITests;
			productReference = 697D729C2DC9D2DD00BF5E29 /* BoostUITests.xctest */;
			productType = "com.apple.product-type.bundle.ui-testing";
		};
/* End PBXNativeTarget section */

/* Begin PBXProject section */
		697D727D2DC9D2DB00BF5E29 /* Project object */ = {
			isa = PBXProject;
			attributes = {
				BuildIndependentTargetsInParallel = 1;
				LastSwiftUpdateCheck = 1630;
				LastUpgradeCheck = 1630;
				TargetAttributes = {
					697D72842DC9D2DB00BF5E29 = {
						CreatedOnToolsVersion = 16.3;
					};
					697D72912DC9D2DD00BF5E29 = {
						CreatedOnToolsVersion = 16.3;
						TestTargetID = 697D72842DC9D2DB00BF5E29;
					};
					697D729B2DC9D2DD00BF5E29 = {
						CreatedOnToolsVersion = 16.3;
						TestTargetID = 697D72842DC9D2DB00BF5E29;
					};
				};
			};
			buildConfigurationList = 697D72802DC9D2DB00BF5E29 /* Build configuration list for PBXProject "Boost" */;
			developmentRegion = en;
			hasScannedForEncodings = 0;
			knownRegions = (
				en,
				Base,
			);
			mainGroup = 697D727C2DC9D2DB00BF5E29;
			minimizedProjectReferenceProxies = 1;
			packageReferences = (
				69667DB52DCBDF650006B987 /* XCRemoteSwiftPackageReference "firebase-ios-sdk" */,
				69E921BC2DCEC98E009A8EAC /* XCRemoteSwiftPackageReference "ios-places-sdk" */,
			);
			preferredProjectObjectVersion = 77;
			productRefGroup = 697D72862DC9D2DB00BF5E29 /* Products */;
			projectDirPath = "";
			projectRoot = "";
			targets = (
				697D72842DC9D2DB00BF5E29 /* Boost */,
				697D72912DC9D2DD00BF5E29 /* BoostTests */,
				697D729B2DC9D2DD00BF5E29 /* BoostUITests */,
			);
		};
/* End PBXProject section */

/* Begin PBXResourcesBuildPhase section */
		697D72832DC9D2DB00BF5E29 /* Resources */ = {
			isa = PBXResourcesBuildPhase;
			buildActionMask = 2147483647;
			files = (
			);
			runOnlyForDeploymentPostprocessing = 0;
		};
		697D72902DC9D2DD00BF5E29 /* Resources */ = {
			isa = PBXResourcesBuildPhase;
			buildActionMask = 2147483647;
			files = (
			);
			runOnlyForDeploymentPostprocessing = 0;
		};
		697D729A2DC9D2DD00BF5E29 /* Resources */ = {
			isa = PBXResourcesBuildPhase;
			buildActionMask = 2147483647;
			files = (
			);
			runOnlyForDeploymentPostprocessing = 0;
		};
/* End PBXResourcesBuildPhase section */

/* Begin PBXSourcesBuildPhase section */
		697D72812DC9D2DB00BF5E29 /* Sources */ = {
			isa = PBXSourcesBuildPhase;
			buildActionMask = 2147483647;
			files = (
			);
			runOnlyForDeploymentPostprocessing = 0;
		};
		697D728E2DC9D2DD00BF5E29 /* Sources */ = {
			isa = PBXSourcesBuildPhase;
			buildActionMask = 2147483647;
			files = (
			);
			runOnlyForDeploymentPostprocessing = 0;
		};
		697D72982DC9D2DD00BF5E29 /* Sources */ = {
			isa = PBXSourcesBuildPhase;
			buildActionMask = 2147483647;
			files = (
			);
			runOnlyForDeploymentPostprocessing = 0;
		};
/* End PBXSourcesBuildPhase section */

/* Begin PBXTargetDependency section */
		697D72942DC9D2DD00BF5E29 /* PBXTargetDependency */ = {
			isa = PBXTargetDependency;
			target = 697D72842DC9D2DB00BF5E29 /* Boost */;
			targetProxy = 697D72932DC9D2DD00BF5E29 /* PBXContainerItemProxy */;
		};
		697D729E2DC9D2DD00BF5E29 /* PBXTargetDependency */ = {
			isa = PBXTargetDependency;
			target = 697D72842DC9D2DB00BF5E29 /* Boost */;
			targetProxy = 697D729D2DC9D2DD00BF5E29 /* PBXContainerItemProxy */;
		};
/* End PBXTargetDependency section */

/* Begin XCBuildConfiguration section */
		697D72A42DC9D2DD00BF5E29 /* Debug */ = {
			isa = XCBuildConfiguration;
			buildSettings = {
				ALWAYS_SEARCH_USER_PATHS = NO;
				ASSETCATALOG_COMPILER_GENERATE_SWIFT_ASSET_SYMBOL_EXTENSIONS = YES;
				CLANG_ANALYZER_NONNULL = YES;
				CLANG_ANALYZER_NUMBER_OBJECT_CONVERSION = YES_AGGRESSIVE;
				CLANG_CXX_LANGUAGE_STANDARD = "gnu++20";
				CLANG_ENABLE_MODULES = YES;
				CLANG_ENABLE_OBJC_ARC = YES;
				CLANG_ENABLE_OBJC_WEAK = YES;
				CLANG_WARN_BLOCK_CAPTURE_AUTORELEASING = YES;
				CLANG_WARN_BOOL_CONVERSION = YES;
				CLANG_WARN_COMMA = YES;
				CLANG_WARN_CONSTANT_CONVERSION = YES;
				CLANG_WARN_DEPRECATED_OBJC_IMPLEMENTATIONS = YES;
				CLANG_WARN_DIRECT_OBJC_ISA_USAGE = YES_ERROR;
				CLANG_WARN_DOCUMENTATION_COMMENTS = YES;
				CLANG_WARN_EMPTY_BODY = YES;
				CLANG_WARN_ENUM_CONVERSION = YES;
				CLANG_WARN_INFINITE_RECURSION = YES;
				CLANG_WARN_INT_CONVERSION = YES;
				CLANG_WARN_NON_LITERAL_NULL_CONVERSION = YES;
				CLANG_WARN_OBJC_IMPLICIT_RETAIN_SELF = YES;
				CLANG_WARN_OBJC_LITERAL_CONVERSION = YES;
				CLANG_WARN_OBJC_ROOT_CLASS = YES_ERROR;
				CLANG_WARN_QUOTED_INCLUDE_IN_FRAMEWORK_HEADER = YES;
				CLANG_WARN_RANGE_LOOP_ANALYSIS = YES;
				CLANG_WARN_STRICT_PROTOTYPES = YES;
				CLANG_WARN_SUSPICIOUS_MOVE = YES;
				CLANG_WARN_UNGUARDED_AVAILABILITY = YES_AGGRESSIVE;
				CLANG_WARN_UNREACHABLE_CODE = YES;
				CLANG_WARN__DUPLICATE_METHOD_MATCH = YES;
				COPY_PHASE_STRIP = NO;
				DEBUG_INFORMATION_FORMAT = dwarf;
				ENABLE_STRICT_OBJC_MSGSEND = YES;
				ENABLE_TESTABILITY = YES;
				ENABLE_USER_SCRIPT_SANDBOXING = YES;
				GCC_C_LANGUAGE_STANDARD = gnu17;
				GCC_DYNAMIC_NO_PIC = NO;
				GCC_NO_COMMON_BLOCKS = YES;
				GCC_OPTIMIZATION_LEVEL = 0;
				GCC_PREPROCESSOR_DEFINITIONS = (
					"DEBUG=1",
					"$(inherited)",
				);
				GCC_WARN_64_TO_32_BIT_CONVERSION = YES;
				GCC_WARN_ABOUT_RETURN_TYPE = YES_ERROR;
				GCC_WARN_UNDECLARED_SELECTOR = YES;
				GCC_WARN_UNINITIALIZED_AUTOS = YES_AGGRESSIVE;
				GCC_WARN_UNUSED_FUNCTION = YES;
				GCC_WARN_UNUSED_VARIABLE = YES;
				IPHONEOS_DEPLOYMENT_TARGET = 18.4;
				LOCALIZATION_PREFERS_STRING_CATALOGS = YES;
				MTL_ENABLE_DEBUG_INFO = INCLUDE_SOURCE;
				MTL_FAST_MATH = YES;
				ONLY_ACTIVE_ARCH = YES;
				SDKROOT = iphoneos;
				SWIFT_ACTIVE_COMPILATION_CONDITIONS = "DEBUG $(inherited)";
				SWIFT_OPTIMIZATION_LEVEL = "-Onone";
			};
			name = Debug;
		};
		697D72A52DC9D2DD00BF5E29 /* Release */ = {
			isa = XCBuildConfiguration;
			buildSettings = {
				ALWAYS_SEARCH_USER_PATHS = NO;
				ASSETCATALOG_COMPILER_GENERATE_SWIFT_ASSET_SYMBOL_EXTENSIONS = YES;
				CLANG_ANALYZER_NONNULL = YES;
				CLANG_ANALYZER_NUMBER_OBJECT_CONVERSION = YES_AGGRESSIVE;
				CLANG_CXX_LANGUAGE_STANDARD = "gnu++20";
				CLANG_ENABLE_MODULES = YES;
				CLANG_ENABLE_OBJC_ARC = YES;
				CLANG_ENABLE_OBJC_WEAK = YES;
				CLANG_WARN_BLOCK_CAPTURE_AUTORELEASING = YES;
				CLANG_WARN_BOOL_CONVERSION = YES;
				CLANG_WARN_COMMA = YES;
				CLANG_WARN_CONSTANT_CONVERSION = YES;
				CLANG_WARN_DEPRECATED_OBJC_IMPLEMENTATIONS = YES;
				CLANG_WARN_DIRECT_OBJC_ISA_USAGE = YES_ERROR;
				CLANG_WARN_DOCUMENTATION_COMMENTS = YES;
				CLANG_WARN_EMPTY_BODY = YES;
				CLANG_WARN_ENUM_CONVERSION = YES;
				CLANG_WARN_INFINITE_RECURSION = YES;
				CLANG_WARN_INT_CONVERSION = YES;
				CLANG_WARN_NON_LITERAL_NULL_CONVERSION = YES;
				CLANG_WARN_OBJC_IMPLICIT_RETAIN_SELF = YES;
				CLANG_WARN_OBJC_LITERAL_CONVERSION = YES;
				CLANG_WARN_OBJC_ROOT_CLASS = YES_ERROR;
				CLANG_WARN_QUOTED_INCLUDE_IN_FRAMEWORK_HEADER = YES;
				CLANG_WARN_RANGE_LOOP_ANALYSIS = YES;
				CLANG_WARN_STRICT_PROTOTYPES = YES;
				CLANG_WARN_SUSPICIOUS_MOVE = YES;
				CLANG_WARN_UNGUARDED_AVAILABILITY = YES_AGGRESSIVE;
				CLANG_WARN_UNREACHABLE_CODE = YES;
				CLANG_WARN__DUPLICATE_METHOD_MATCH = YES;
				COPY_PHASE_STRIP = NO;
				DEBUG_INFORMATION_FORMAT = "dwarf-with-dsym";
				ENABLE_NS_ASSERTIONS = NO;
				ENABLE_STRICT_OBJC_MSGSEND = YES;
				ENABLE_USER_SCRIPT_SANDBOXING = YES;
				GCC_C_LANGUAGE_STANDARD = gnu17;
				GCC_NO_COMMON_BLOCKS = YES;
				GCC_WARN_64_TO_32_BIT_CONVERSION = YES;
				GCC_WARN_ABOUT_RETURN_TYPE = YES_ERROR;
				GCC_WARN_UNDECLARED_SELECTOR = YES;
				GCC_WARN_UNINITIALIZED_AUTOS = YES_AGGRESSIVE;
				GCC_WARN_UNUSED_FUNCTION = YES;
				GCC_WARN_UNUSED_VARIABLE = YES;
				IPHONEOS_DEPLOYMENT_TARGET = 18.4;
				LOCALIZATION_PREFERS_STRING_CATALOGS = YES;
				MTL_ENABLE_DEBUG_INFO = NO;
				MTL_FAST_MATH = YES;
				SDKROOT = iphoneos;
				SWIFT_COMPILATION_MODE = wholemodule;
				VALIDATE_PRODUCT = YES;
			};
			name = Release;
		};
		697D72A72DC9D2DD00BF5E29 /* Debug */ = {
			isa = XCBuildConfiguration;
			buildSettings = {
				ASSETCATALOG_COMPILER_APPICON_NAME = AppIcon;
				ASSETCATALOG_COMPILER_GLOBAL_ACCENT_COLOR_NAME = AccentColor;
				CODE_SIGN_STYLE = Automatic;
				CREATE_INFOPLIST_SECTION_IN_BINARY = YES;
				CURRENT_PROJECT_VERSION = 1;
				DEVELOPMENT_TEAM = R6CS8FS537;
				ENABLE_PREVIEWS = YES;
				GENERATE_INFOPLIST_FILE = YES;
				"INFOPLIST_FILE[sdk=iphoneos*]" = "";
				INFOPLIST_KEY_NSLocationWhenInUseUsageDescription = "Request for location to give you location-based features.";
				INFOPLIST_KEY_UIApplicationSceneManifest_Generation = YES;
				INFOPLIST_KEY_UIApplicationSupportsIndirectInputEvents = YES;
				INFOPLIST_KEY_UILaunchScreen_Generation = YES;
				INFOPLIST_KEY_UISupportedInterfaceOrientations_iPad = "UIInterfaceOrientationPortrait UIInterfaceOrientationPortraitUpsideDown UIInterfaceOrientationLandscapeLeft UIInterfaceOrientationLandscapeRight";
				INFOPLIST_KEY_UISupportedInterfaceOrientations_iPhone = "UIInterfaceOrientationPortrait UIInterfaceOrientationLandscapeLeft UIInterfaceOrientationLandscapeRight";
				INFOPLIST_PREPROCESS = YES;
				LD_RUNPATH_SEARCH_PATHS = (
					"$(inherited)",
					"@executable_path/Frameworks",
				);
				MARKETING_VERSION = 1.0;
				PRODUCT_BUNDLE_IDENTIFIER = CreditBuilds.Boost;
				PRODUCT_NAME = "$(TARGET_NAME)";
				SWIFT_EMIT_LOC_STRINGS = YES;
				SWIFT_VERSION = 5.0;
				TARGETED_DEVICE_FAMILY = "1,2";
			};
			name = Debug;
		};
		697D72A82DC9D2DD00BF5E29 /* Release */ = {
			isa = XCBuildConfiguration;
			buildSettings = {
				ASSETCATALOG_COMPILER_APPICON_NAME = AppIcon;
				ASSETCATALOG_COMPILER_GLOBAL_ACCENT_COLOR_NAME = AccentColor;
				CODE_SIGN_STYLE = Automatic;
				CREATE_INFOPLIST_SECTION_IN_BINARY = YES;
				CURRENT_PROJECT_VERSION = 1;
				DEVELOPMENT_TEAM = R6CS8FS537;
				ENABLE_PREVIEWS = YES;
				GENERATE_INFOPLIST_FILE = YES;
				INFOPLIST_KEY_NSLocationWhenInUseUsageDescription = "Request for location to give you location-based features.";
				INFOPLIST_KEY_UIApplicationSceneManifest_Generation = YES;
				INFOPLIST_KEY_UIApplicationSupportsIndirectInputEvents = YES;
				INFOPLIST_KEY_UILaunchScreen_Generation = YES;
				INFOPLIST_KEY_UISupportedInterfaceOrientations_iPad = "UIInterfaceOrientationPortrait UIInterfaceOrientationPortraitUpsideDown UIInterfaceOrientationLandscapeLeft UIInterfaceOrientationLandscapeRight";
				INFOPLIST_KEY_UISupportedInterfaceOrientations_iPhone = "UIInterfaceOrientationPortrait UIInterfaceOrientationLandscapeLeft UIInterfaceOrientationLandscapeRight";
				INFOPLIST_PREPROCESS = YES;
				LD_RUNPATH_SEARCH_PATHS = (
					"$(inherited)",
					"@executable_path/Frameworks",
				);
				MARKETING_VERSION = 1.0;
				PRODUCT_BUNDLE_IDENTIFIER = CreditBuilds.Boost;
				PRODUCT_NAME = "$(TARGET_NAME)";
				SWIFT_EMIT_LOC_STRINGS = YES;
				SWIFT_VERSION = 5.0;
				TARGETED_DEVICE_FAMILY = "1,2";
			};
			name = Release;
		};
		697D72AA2DC9D2DD00BF5E29 /* Debug */ = {
			isa = XCBuildConfiguration;
			buildSettings = {
				BUNDLE_LOADER = "$(TEST_HOST)";
				CODE_SIGN_STYLE = Automatic;
				CURRENT_PROJECT_VERSION = 1;
				GENERATE_INFOPLIST_FILE = YES;
				IPHONEOS_DEPLOYMENT_TARGET = 18.4;
				MARKETING_VERSION = 1.0;
				PRODUCT_BUNDLE_IDENTIFIER = CreditBuilds.BoostTests;
				PRODUCT_NAME = "$(TARGET_NAME)";
				SWIFT_EMIT_LOC_STRINGS = NO;
				SWIFT_VERSION = 5.0;
				TARGETED_DEVICE_FAMILY = "1,2";
				TEST_HOST = "$(BUILT_PRODUCTS_DIR)/Boost.app/$(BUNDLE_EXECUTABLE_FOLDER_PATH)/Boost";
			};
			name = Debug;
		};
		697D72AB2DC9D2DD00BF5E29 /* Release */ = {
			isa = XCBuildConfiguration;
			buildSettings = {
				BUNDLE_LOADER = "$(TEST_HOST)";
				CODE_SIGN_STYLE = Automatic;
				CURRENT_PROJECT_VERSION = 1;
				GENERATE_INFOPLIST_FILE = YES;
				IPHONEOS_DEPLOYMENT_TARGET = 18.4;
				MARKETING_VERSION = 1.0;
				PRODUCT_BUNDLE_IDENTIFIER = CreditBuilds.BoostTests;
				PRODUCT_NAME = "$(TARGET_NAME)";
				SWIFT_EMIT_LOC_STRINGS = NO;
				SWIFT_VERSION = 5.0;
				TARGETED_DEVICE_FAMILY = "1,2";
				TEST_HOST = "$(BUILT_PRODUCTS_DIR)/Boost.app/$(BUNDLE_EXECUTABLE_FOLDER_PATH)/Boost";
			};
			name = Release;
		};
		697D72AD2DC9D2DD00BF5E29 /* Debug */ = {
			isa = XCBuildConfiguration;
			buildSettings = {
				CODE_SIGN_STYLE = Automatic;
				CURRENT_PROJECT_VERSION = 1;
				GENERATE_INFOPLIST_FILE = YES;
				MARKETING_VERSION = 1.0;
				PRODUCT_BUNDLE_IDENTIFIER = CreditBuilds.BoostUITests;
				PRODUCT_NAME = "$(TARGET_NAME)";
				SWIFT_EMIT_LOC_STRINGS = NO;
				SWIFT_VERSION = 5.0;
				TARGETED_DEVICE_FAMILY = "1,2";
				TEST_TARGET_NAME = Boost;
			};
			name = Debug;
		};
		697D72AE2DC9D2DD00BF5E29 /* Release */ = {
			isa = XCBuildConfiguration;
			buildSettings = {
				CODE_SIGN_STYLE = Automatic;
				CURRENT_PROJECT_VERSION = 1;
				GENERATE_INFOPLIST_FILE = YES;
				MARKETING_VERSION = 1.0;
				PRODUCT_BUNDLE_IDENTIFIER = CreditBuilds.BoostUITests;
				PRODUCT_NAME = "$(TARGET_NAME)";
				SWIFT_EMIT_LOC_STRINGS = NO;
				SWIFT_VERSION = 5.0;
				TARGETED_DEVICE_FAMILY = "1,2";
				TEST_TARGET_NAME = Boost;
			};
			name = Release;
		};
/* End XCBuildConfiguration section */

/* Begin XCConfigurationList section */
		697D72802DC9D2DB00BF5E29 /* Build configuration list for PBXProject "Boost" */ = {
			isa = XCConfigurationList;
			buildConfigurations = (
				697D72A42DC9D2DD00BF5E29 /* Debug */,
				697D72A52DC9D2DD00BF5E29 /* Release */,
			);
			defaultConfigurationIsVisible = 0;
			defaultConfigurationName = Release;
		};
		697D72A62DC9D2DD00BF5E29 /* Build configuration list for PBXNativeTarget "Boost" */ = {
			isa = XCConfigurationList;
			buildConfigurations = (
				697D72A72DC9D2DD00BF5E29 /* Debug */,
				697D72A82DC9D2DD00BF5E29 /* Release */,
			);
			defaultConfigurationIsVisible = 0;
			defaultConfigurationName = Release;
		};
		697D72A92DC9D2DD00BF5E29 /* Build configuration list for PBXNativeTarget "BoostTests" */ = {
			isa = XCConfigurationList;
			buildConfigurations = (
				697D72AA2DC9D2DD00BF5E29 /* Debug */,
				697D72AB2DC9D2DD00BF5E29 /* Release */,
			);
			defaultConfigurationIsVisible = 0;
			defaultConfigurationName = Release;
		};
		697D72AC2DC9D2DD00BF5E29 /* Build configuration list for PBXNativeTarget "BoostUITests" */ = {
			isa = XCConfigurationList;
			buildConfigurations = (
				697D72AD2DC9D2DD00BF5E29 /* Debug */,
				697D72AE2DC9D2DD00BF5E29 /* Release */,
			);
			defaultConfigurationIsVisible = 0;
			defaultConfigurationName = Release;
		};
/* End XCConfigurationList section */

/* Begin XCRemoteSwiftPackageReference section */
		69667DB52DCBDF650006B987 /* XCRemoteSwiftPackageReference "firebase-ios-sdk" */ = {
			isa = XCRemoteSwiftPackageReference;
			repositoryURL = "https://github.com/firebase/firebase-ios-sdk";
			requirement = {
				kind = upToNextMajorVersion;
				minimumVersion = 11.12.0;
			};
		};
		69E921BC2DCEC98E009A8EAC /* XCRemoteSwiftPackageReference "ios-places-sdk" */ = {
			isa = XCRemoteSwiftPackageReference;
			repositoryURL = "https://github.com/googlemaps/ios-places-sdk";
			requirement = {
				kind = upToNextMajorVersion;
				minimumVersion = 9.4.1;
			};
		};
/* End XCRemoteSwiftPackageReference section */

/* Begin XCSwiftPackageProductDependency section */
		69667DBC2DCBE5100006B987 /* FirebaseCore */ = {
			isa = XCSwiftPackageProductDependency;
			package = 69667DB52DCBDF650006B987 /* XCRemoteSwiftPackageReference "firebase-ios-sdk" */;
			productName = FirebaseCore;
		};
		69667DBE2DCBE5100006B987 /* FirebaseFirestore */ = {
			isa = XCSwiftPackageProductDependency;
			package = 69667DB52DCBDF650006B987 /* XCRemoteSwiftPackageReference "firebase-ios-sdk" */;
			productName = FirebaseFirestore;
		};
		69B8009D2DDCF2EA00F9D782 /* FirebaseAuth */ = {
			isa = XCSwiftPackageProductDependency;
			productName = FirebaseAuth;
		};
		69E921BD2DCEC98E009A8EAC /* GooglePlaces */ = {
			isa = XCSwiftPackageProductDependency;
			package = 69E921BC2DCEC98E009A8EAC /* XCRemoteSwiftPackageReference "ios-places-sdk" */;
			productName = GooglePlaces;
		};
		69E921BF2DCEC98E009A8EAC /* GooglePlacesSwift */ = {
			isa = XCSwiftPackageProductDependency;
			package = 69E921BC2DCEC98E009A8EAC /* XCRemoteSwiftPackageReference "ios-places-sdk" */;
			productName = GooglePlacesSwift;
		};
/* End XCSwiftPackageProductDependency section */
	};
	rootObject = 697D727D2DC9D2DB00BF5E29 /* Project object */;
}
